// !$*UTF8*$!
{
	archiveVersion = 1;
	classes = {
	};
	objectVersion = 77;
	objects = {

/* Begin PBXBuildFile section */
		014B3B992E49C01DE18A0034 /* ShotListApp.swift in Sources */ = {isa = PBXBuildFile; fileRef = 23B537AF7F5EAF0533FE66B8 /* ShotListApp.swift */; };
		089A9E455141A9211B6FA663 /* ExportPackageBuilder.swift in Sources */ = {isa = PBXBuildFile; fileRef = 1F62FE93A71CC8A153C903AE /* ExportPackageBuilder.swift */; };
		09C2763C7D09BF8F3BCB4EB9 /* HistoryView.swift in Sources */ = {isa = PBXBuildFile; fileRef = B5B0AA0E228B531616DA2E46 /* HistoryView.swift */; };
		104870279348BC681734D7E6 /* FilmStyleView.swift in Sources */ = {isa = PBXBuildFile; fileRef = FCE42D7F06169D67DA903949 /* FilmStyleView.swift */; };
		15DCA64B28DA09F74DA9DD98 /* Film.swift in Sources */ = {isa = PBXBuildFile; fileRef = 3E511E62E73DE15BE0505C52 /* Film.swift */; };
		19FD4059DF2D251403B3CEC3 /* ExportView.swift in Sources */ = {isa = PBXBuildFile; fileRef = 6D286A1498B32C3F48581356 /* ExportView.swift */; };
		1E64696F72129E94B27A8785 /* ShotCardView.swift in Sources */ = {isa = PBXBuildFile; fileRef = 47517FD3AE1E223D6734C6CB /* ShotCardView.swift */; };
		1ECA56BC932E2F9FFCE63AB6 /* Haptics.swift in Sources */ = {isa = PBXBuildFile; fileRef = 9073D61D5A3DF4BF61FFD7AB /* Haptics.swift */; };
		23DB3C6EF28DC8AAE618B371 /* CaptureSettingsTests.swift in Sources */ = {isa = PBXBuildFile; fileRef = 7C3F924D0E4F03ECC55D21FE /* CaptureSettingsTests.swift */; };
		256F923050CE78982FA13ADE /* QuickShootLink.swift in Sources */ = {isa = PBXBuildFile; fileRef = A7DDE95354664AA95E498FC7 /* QuickShootLink.swift */; };
		25C5777B5C0D39F76234786D /* Assets.xcassets in Resources */ = {isa = PBXBuildFile; fileRef = FAFF1E0FABFCCBCFB90238AD /* Assets.xcassets */; };
		25FB81A35482AB9F4C15DE35 /* ShotFlowModifier.swift in Sources */ = {isa = PBXBuildFile; fileRef = 62EC7FF482193C60D2209FED /* ShotFlowModifier.swift */; };
		27BD14DD9E22BBCC4EAAF93D /* ShotListWidget.appex in Embed Foundation Extensions */ = {isa = PBXBuildFile; fileRef = 46ADFEA13DB7B18CF4286528 /* ShotListWidget.appex */; settings = {ATTRIBUTES = (RemoveHeadersOnCopy, ); }; };
		2982D2BF9B38B42757A8AC71 /* FilmStylePromptTests.swift in Sources */ = {isa = PBXBuildFile; fileRef = 39262C595E6C09205CA7C6BF /* FilmStylePromptTests.swift */; };
		2E5ECD9F0FA3F8FB9CC241AF /* RootTabView.swift in Sources */ = {isa = PBXBuildFile; fileRef = 81C9698A509ED42D71FB1527 /* RootTabView.swift */; };
		35A52488473D9CF94F74EA58 /* Shot.swift in Sources */ = {isa = PBXBuildFile; fileRef = C0E501978889D16338C1BE24 /* Shot.swift */; };
		3A621D4313CBE02FA2A6F4D7 /* Assets.xcassets in Resources */ = {isa = PBXBuildFile; fileRef = C8B276D607BED622DE6060EB /* Assets.xcassets */; };
		3A7E5F92EA92E0D138355F86 /* CameraCaptureView.swift in Sources */ = {isa = PBXBuildFile; fileRef = D15E40E7A78A76875342D24D /* CameraCaptureView.swift */; };
		3D34C6A774AF6336EEE3C49E /* ShotStore.swift in Sources */ = {isa = PBXBuildFile; fileRef = 7564C87D36A703387616D517 /* ShotStore.swift */; };
		3E1FDC85952F705BF268EB9F /* ShotStoreTests.swift in Sources */ = {isa = PBXBuildFile; fileRef = 174A3D35CA4D3F5E03135937 /* ShotStoreTests.swift */; };
		3EA4CFAE8EBA033D56EBAA80 /* FilmStylePrompt.swift in Sources */ = {isa = PBXBuildFile; fileRef = E96BA9F062E201E9A304FA95 /* FilmStylePrompt.swift */; };
		3F35C9C0C7F1A9DC5553BD37 /* CameraRecorder.swift in Sources */ = {isa = PBXBuildFile; fileRef = 8D9A2BAE74434A56C2619447 /* CameraRecorder.swift */; };
		4301F6A0696596A7C8AAEE45 /* FilmBar.swift in Sources */ = {isa = PBXBuildFile; fileRef = D3C02C575D39BB64815784FF /* FilmBar.swift */; };
		4D21B8AA463B959342129383 /* ClipThumbnailView.swift in Sources */ = {isa = PBXBuildFile; fileRef = D76C58778AA070D969E3B132 /* ClipThumbnailView.swift */; };
		4D7AE7F6FEC30ECCA7DC5A32 /* ModalPresentation.swift in Sources */ = {isa = PBXBuildFile; fileRef = 2A6CEE62555559623C57AA50 /* ModalPresentation.swift */; };
		4F4F6D91B75F0D68F0756098 /* CaptureFramingTests.swift in Sources */ = {isa = PBXBuildFile; fileRef = 977223A4DE801D3BB5F5E9A3 /* CaptureFramingTests.swift */; };
		5C4FE1217570B860446DA863 /* MovieImporterTests.swift in Sources */ = {isa = PBXBuildFile; fileRef = 4DEF91792082840C9C11B500 /* MovieImporterTests.swift */; };
		5E5B618FEC440413A298DFEC /* ClipPlayerScreen.swift in Sources */ = {isa = PBXBuildFile; fileRef = A5E3482625A9371AE0EDE25E /* ClipPlayerScreen.swift */; };
		672DB3A39BC93331A7F51C9F /* MediaImport.swift in Sources */ = {isa = PBXBuildFile; fileRef = 664AE32EEA99C983D3224F47 /* MediaImport.swift */; };
		6A41F1B86754D866F2281412 /* MediaTranscode.swift in Sources */ = {isa = PBXBuildFile; fileRef = 0010E187571A3AB14ECCCC93 /* MediaTranscode.swift */; };
		6B246E7A20D5D69C21065974 /* QuickShootLink.swift in Sources */ = {isa = PBXBuildFile; fileRef = A7DDE95354664AA95E498FC7 /* QuickShootLink.swift */; };
		6EC0E3FC242020CB1AF08CB4 /* FilmTemplate.swift in Sources */ = {isa = PBXBuildFile; fileRef = DC8E4BC031EA808579D72B44 /* FilmTemplate.swift */; };
		7C2F23CC95455B3E9A77CC88 /* CameraChrome.swift in Sources */ = {isa = PBXBuildFile; fileRef = 88320AFB37A1C5C3AECCA5D1 /* CameraChrome.swift */; };
		8864F4ECC8D63122264A9DF1 /* FilmTemplateSheet.swift in Sources */ = {isa = PBXBuildFile; fileRef = 75A43211C6B25E68DBB7A15F /* FilmTemplateSheet.swift */; };
		897CE56DB6EB353F35AB3949 /* CaptureSettings.swift in Sources */ = {isa = PBXBuildFile; fileRef = DD3C08ED2FE5D57D75950AA1 /* CaptureSettings.swift */; };
		8D96CBDA644ED28662C1407A /* ExportSession.swift in Sources */ = {isa = PBXBuildFile; fileRef = 40CA2B28173BD100C6752C4C /* ExportSession.swift */; };
		982D00BF96837E1C2C3E6123 /* CameraPreview.swift in Sources */ = {isa = PBXBuildFile; fileRef = D0D8E14B1B286726D0AE9651 /* CameraPreview.swift */; };
		A02104D9B0201037AB9ED1F7 /* CameraSettingsSheet.swift in Sources */ = {isa = PBXBuildFile; fileRef = 0D3E74B82A8FF02816BEC0D2 /* CameraSettingsSheet.swift */; };
		A5BD6E9D1CF110C013181033 /* DesignSystem.swift in Sources */ = {isa = PBXBuildFile; fileRef = D490D45A0FFBF3CE09903733 /* DesignSystem.swift */; };
		C591E91143F939B52FFE107E /* CaptureFraming.swift in Sources */ = {isa = PBXBuildFile; fileRef = 78EE78FB0F9275C2AEE32A03 /* CaptureFraming.swift */; };
		CF8417F2D0E93873F686546B /* ExportPackageBuilderTests.swift in Sources */ = {isa = PBXBuildFile; fileRef = 62FA92C3EF4E0912629DBB96 /* ExportPackageBuilderTests.swift */; };
		D2228A85CA00B0A27F2D4673 /* ShotListView.swift in Sources */ = {isa = PBXBuildFile; fileRef = F345BA5C98213C00B5D91F71 /* ShotListView.swift */; };
		DAB4E3BD81AAE03764751D83 /* CameraChromePreviewScreen.swift in Sources */ = {isa = PBXBuildFile; fileRef = FDD7EB1D57BC67C03145BBE4 /* CameraChromePreviewScreen.swift */; };
		E31D638691D56019F67CE414 /* ClipOptionsSheet.swift in Sources */ = {isa = PBXBuildFile; fileRef = E9BB8D59E84723F29E8A8760 /* ClipOptionsSheet.swift */; };
		E780991AB7DFCEAC41C3C48A /* QuickShootWidget.swift in Sources */ = {isa = PBXBuildFile; fileRef = F34288C7EBC5843E8D8F5ABC /* QuickShootWidget.swift */; };
		ED3B42E85A145211F4309267 /* AppLocale.swift in Sources */ = {isa = PBXBuildFile; fileRef = 673119B608C24939B34681E9 /* AppLocale.swift */; };
		FB503617BA07F1EE62950F7D /* ExportSessionTests.swift in Sources */ = {isa = PBXBuildFile; fileRef = 03F045688B89578B79D9C94A /* ExportSessionTests.swift */; };
		FE91F3FFC585F62DBF9B1DEF /* ThumbnailLoaderTests.swift in Sources */ = {isa = PBXBuildFile; fileRef = 3C95A35F83AD0A2623E9B58B /* ThumbnailLoaderTests.swift */; };
/* End PBXBuildFile section */

/* Begin PBXContainerItemProxy section */
		5E18267AE4E56AC2C75AB8DB /* PBXContainerItemProxy */ = {
			isa = PBXContainerItemProxy;
			containerPortal = 263D3411959987174DF90AA1 /* Project object */;
			proxyType = 1;
			remoteGlobalIDString = E75AD9EEF4C9F3B41F53E0A7;
			remoteInfo = ShotList;
		};
		BF4F0213DC56FE869701C2AA /* PBXContainerItemProxy */ = {
			isa = PBXContainerItemProxy;
			containerPortal = 263D3411959987174DF90AA1 /* Project object */;
			proxyType = 1;
			remoteGlobalIDString = 6569AF9EF7620AA905F85DC6;
			remoteInfo = ShotListWidget;
		};
/* End PBXContainerItemProxy section */

/* Begin PBXCopyFilesBuildPhase section */
		9B7DE2C6FC846B72C872AFA0 /* Embed Foundation Extensions */ = {
			isa = PBXCopyFilesBuildPhase;
			buildActionMask = 2147483647;
			dstPath = "";
			dstSubfolderSpec = 13;
			files = (
				27BD14DD9E22BBCC4EAAF93D /* ShotListWidget.appex in Embed Foundation Extensions */,
			);
			name = "Embed Foundation Extensions";
			runOnlyForDeploymentPostprocessing = 0;
		};
/* End PBXCopyFilesBuildPhase section */

/* Begin PBXFileReference section */
		0010E187571A3AB14ECCCC93 /* MediaTranscode.swift */ = {isa = PBXFileReference; lastKnownFileType = sourcecode.swift; path = MediaTranscode.swift; sourceTree = "<group>"; };
		03F045688B89578B79D9C94A /* ExportSessionTests.swift */ = {isa = PBXFileReference; lastKnownFileType = sourcecode.swift; path = ExportSessionTests.swift; sourceTree = "<group>"; };
		0D3E74B82A8FF02816BEC0D2 /* CameraSettingsSheet.swift */ = {isa = PBXFileReference; lastKnownFileType = sourcecode.swift; path = CameraSettingsSheet.swift; sourceTree = "<group>"; };
		174A3D35CA4D3F5E03135937 /* ShotStoreTests.swift */ = {isa = PBXFileReference; lastKnownFileType = sourcecode.swift; path = ShotStoreTests.swift; sourceTree = "<group>"; };
		1F62FE93A71CC8A153C903AE /* ExportPackageBuilder.swift */ = {isa = PBXFileReference; lastKnownFileType = sourcecode.swift; path = ExportPackageBuilder.swift; sourceTree = "<group>"; };
		23B537AF7F5EAF0533FE66B8 /* ShotListApp.swift */ = {isa = PBXFileReference; lastKnownFileType = sourcecode.swift; path = ShotListApp.swift; sourceTree = "<group>"; };
		2A6CEE62555559623C57AA50 /* ModalPresentation.swift */ = {isa = PBXFileReference; lastKnownFileType = sourcecode.swift; path = ModalPresentation.swift; sourceTree = "<group>"; };
		3277FC5C7EAAEBCD489F460B /* ShotListTests.xctest */ = {isa = PBXFileReference; includeInIndex = 0; lastKnownFileType = wrapper.cfbundle; path = ShotListTests.xctest; sourceTree = BUILT_PRODUCTS_DIR; };
		39262C595E6C09205CA7C6BF /* FilmStylePromptTests.swift */ = {isa = PBXFileReference; lastKnownFileType = sourcecode.swift; path = FilmStylePromptTests.swift; sourceTree = "<group>"; };
		3C95A35F83AD0A2623E9B58B /* ThumbnailLoaderTests.swift */ = {isa = PBXFileReference; lastKnownFileType = sourcecode.swift; path = ThumbnailLoaderTests.swift; sourceTree = "<group>"; };
		3E511E62E73DE15BE0505C52 /* Film.swift */ = {isa = PBXFileReference; lastKnownFileType = sourcecode.swift; path = Film.swift; sourceTree = "<group>"; };
		40CA2B28173BD100C6752C4C /* ExportSession.swift */ = {isa = PBXFileReference; lastKnownFileType = sourcecode.swift; path = ExportSession.swift; sourceTree = "<group>"; };
		46ADFEA13DB7B18CF4286528 /* ShotListWidget.appex */ = {isa = PBXFileReference; includeInIndex = 0; lastKnownFileType = "wrapper.app-extension"; path = ShotListWidget.appex; sourceTree = BUILT_PRODUCTS_DIR; };
		47517FD3AE1E223D6734C6CB /* ShotCardView.swift */ = {isa = PBXFileReference; lastKnownFileType = sourcecode.swift; path = ShotCardView.swift; sourceTree = "<group>"; };
		4DEF91792082840C9C11B500 /* MovieImporterTests.swift */ = {isa = PBXFileReference; lastKnownFileType = sourcecode.swift; path = MovieImporterTests.swift; sourceTree = "<group>"; };
		62EC7FF482193C60D2209FED /* ShotFlowModifier.swift */ = {isa = PBXFileReference; lastKnownFileType = sourcecode.swift; path = ShotFlowModifier.swift; sourceTree = "<group>"; };
		62FA92C3EF4E0912629DBB96 /* ExportPackageBuilderTests.swift */ = {isa = PBXFileReference; lastKnownFileType = sourcecode.swift; path = ExportPackageBuilderTests.swift; sourceTree = "<group>"; };
		664AE32EEA99C983D3224F47 /* MediaImport.swift */ = {isa = PBXFileReference; lastKnownFileType = sourcecode.swift; path = MediaImport.swift; sourceTree = "<group>"; };
		673119B608C24939B34681E9 /* AppLocale.swift */ = {isa = PBXFileReference; lastKnownFileType = sourcecode.swift; path = AppLocale.swift; sourceTree = "<group>"; };
		6D286A1498B32C3F48581356 /* ExportView.swift */ = {isa = PBXFileReference; lastKnownFileType = sourcecode.swift; path = ExportView.swift; sourceTree = "<group>"; };
		7564C87D36A703387616D517 /* ShotStore.swift */ = {isa = PBXFileReference; lastKnownFileType = sourcecode.swift; path = ShotStore.swift; sourceTree = "<group>"; };
		75A43211C6B25E68DBB7A15F /* FilmTemplateSheet.swift */ = {isa = PBXFileReference; lastKnownFileType = sourcecode.swift; path = FilmTemplateSheet.swift; sourceTree = "<group>"; };
		78EE78FB0F9275C2AEE32A03 /* CaptureFraming.swift */ = {isa = PBXFileReference; lastKnownFileType = sourcecode.swift; path = CaptureFraming.swift; sourceTree = "<group>"; };
		7C3F924D0E4F03ECC55D21FE /* CaptureSettingsTests.swift */ = {isa = PBXFileReference; lastKnownFileType = sourcecode.swift; path = CaptureSettingsTests.swift; sourceTree = "<group>"; };
		81C9698A509ED42D71FB1527 /* RootTabView.swift */ = {isa = PBXFileReference; lastKnownFileType = sourcecode.swift; path = RootTabView.swift; sourceTree = "<group>"; };
		846E9224F0CEEEFD6C04878B /* ShotList.app */ = {isa = PBXFileReference; includeInIndex = 0; lastKnownFileType = wrapper.application; path = ShotList.app; sourceTree = BUILT_PRODUCTS_DIR; };
		88320AFB37A1C5C3AECCA5D1 /* CameraChrome.swift */ = {isa = PBXFileReference; lastKnownFileType = sourcecode.swift; path = CameraChrome.swift; sourceTree = "<group>"; };
		8D9A2BAE74434A56C2619447 /* CameraRecorder.swift */ = {isa = PBXFileReference; lastKnownFileType = sourcecode.swift; path = CameraRecorder.swift; sourceTree = "<group>"; };
		9073D61D5A3DF4BF61FFD7AB /* Haptics.swift */ = {isa = PBXFileReference; lastKnownFileType = sourcecode.swift; path = Haptics.swift; sourceTree = "<group>"; };
		977223A4DE801D3BB5F5E9A3 /* CaptureFramingTests.swift */ = {isa = PBXFileReference; lastKnownFileType = sourcecode.swift; path = CaptureFramingTests.swift; sourceTree = "<group>"; };
		A5E3482625A9371AE0EDE25E /* ClipPlayerScreen.swift */ = {isa = PBXFileReference; lastKnownFileType = sourcecode.swift; path = ClipPlayerScreen.swift; sourceTree = "<group>"; };
		A7DDE95354664AA95E498FC7 /* QuickShootLink.swift */ = {isa = PBXFileReference; lastKnownFileType = sourcecode.swift; path = QuickShootLink.swift; sourceTree = "<group>"; };
		B5B0AA0E228B531616DA2E46 /* HistoryView.swift */ = {isa = PBXFileReference; lastKnownFileType = sourcecode.swift; path = HistoryView.swift; sourceTree = "<group>"; };
		C0E501978889D16338C1BE24 /* Shot.swift */ = {isa = PBXFileReference; lastKnownFileType = sourcecode.swift; path = Shot.swift; sourceTree = "<group>"; };
		C8B276D607BED622DE6060EB /* Assets.xcassets */ = {isa = PBXFileReference; lastKnownFileType = folder.assetcatalog; path = Assets.xcassets; sourceTree = "<group>"; };
		D0D8E14B1B286726D0AE9651 /* CameraPreview.swift */ = {isa = PBXFileReference; lastKnownFileType = sourcecode.swift; path = CameraPreview.swift; sourceTree = "<group>"; };
		D15E40E7A78A76875342D24D /* CameraCaptureView.swift */ = {isa = PBXFileReference; lastKnownFileType = sourcecode.swift; path = CameraCaptureView.swift; sourceTree = "<group>"; };
		D3C02C575D39BB64815784FF /* FilmBar.swift */ = {isa = PBXFileReference; lastKnownFileType = sourcecode.swift; path = FilmBar.swift; sourceTree = "<group>"; };
		D490D45A0FFBF3CE09903733 /* DesignSystem.swift */ = {isa = PBXFileReference; lastKnownFileType = sourcecode.swift; path = DesignSystem.swift; sourceTree = "<group>"; };
		D76C58778AA070D969E3B132 /* ClipThumbnailView.swift */ = {isa = PBXFileReference; lastKnownFileType = sourcecode.swift; path = ClipThumbnailView.swift; sourceTree = "<group>"; };
		DC8E4BC031EA808579D72B44 /* FilmTemplate.swift */ = {isa = PBXFileReference; lastKnownFileType = sourcecode.swift; path = FilmTemplate.swift; sourceTree = "<group>"; };
		DD3C08ED2FE5D57D75950AA1 /* CaptureSettings.swift */ = {isa = PBXFileReference; lastKnownFileType = sourcecode.swift; path = CaptureSettings.swift; sourceTree = "<group>"; };
		E96BA9F062E201E9A304FA95 /* FilmStylePrompt.swift */ = {isa = PBXFileReference; lastKnownFileType = sourcecode.swift; path = FilmStylePrompt.swift; sourceTree = "<group>"; };
		E9BB8D59E84723F29E8A8760 /* ClipOptionsSheet.swift */ = {isa = PBXFileReference; lastKnownFileType = sourcecode.swift; path = ClipOptionsSheet.swift; sourceTree = "<group>"; };
		F34288C7EBC5843E8D8F5ABC /* QuickShootWidget.swift */ = {isa = PBXFileReference; lastKnownFileType = sourcecode.swift; path = QuickShootWidget.swift; sourceTree = "<group>"; };
		F345BA5C98213C00B5D91F71 /* ShotListView.swift */ = {isa = PBXFileReference; lastKnownFileType = sourcecode.swift; path = ShotListView.swift; sourceTree = "<group>"; };
		FAFF1E0FABFCCBCFB90238AD /* Assets.xcassets */ = {isa = PBXFileReference; lastKnownFileType = folder.assetcatalog; path = Assets.xcassets; sourceTree = "<group>"; };
		FCE42D7F06169D67DA903949 /* FilmStyleView.swift */ = {isa = PBXFileReference; lastKnownFileType = sourcecode.swift; path = FilmStyleView.swift; sourceTree = "<group>"; };
		FDD7EB1D57BC67C03145BBE4 /* CameraChromePreviewScreen.swift */ = {isa = PBXFileReference; lastKnownFileType = sourcecode.swift; path = CameraChromePreviewScreen.swift; sourceTree = "<group>"; };
/* End PBXFileReference section */

/* Begin PBXGroup section */
		04B356202F138DC799FC0814 /* App */ = {
			isa = PBXGroup;
			children = (
				23B537AF7F5EAF0533FE66B8 /* ShotListApp.swift */,
			);
			path = App;
			sourceTree = "<group>";
		};
		065D10131371659B59AFFECD /* ShotListTests */ = {
			isa = PBXGroup;
			children = (
				977223A4DE801D3BB5F5E9A3 /* CaptureFramingTests.swift */,
				7C3F924D0E4F03ECC55D21FE /* CaptureSettingsTests.swift */,
				62FA92C3EF4E0912629DBB96 /* ExportPackageBuilderTests.swift */,
				03F045688B89578B79D9C94A /* ExportSessionTests.swift */,
				39262C595E6C09205CA7C6BF /* FilmStylePromptTests.swift */,
				4DEF91792082840C9C11B500 /* MovieImporterTests.swift */,
				174A3D35CA4D3F5E03135937 /* ShotStoreTests.swift */,
				3C95A35F83AD0A2623E9B58B /* ThumbnailLoaderTests.swift */,
			);
			path = ShotListTests;
			sourceTree = "<group>";
		};
		608A5CBC162AD162F6F76C6F /* Models */ = {
			isa = PBXGroup;
			children = (
				3E511E62E73DE15BE0505C52 /* Film.swift */,
				E96BA9F062E201E9A304FA95 /* FilmStylePrompt.swift */,
				DC8E4BC031EA808579D72B44 /* FilmTemplate.swift */,
				C0E501978889D16338C1BE24 /* Shot.swift */,
				7564C87D36A703387616D517 /* ShotStore.swift */,
			);
			path = Models;
			sourceTree = "<group>";
		};
		74E8CAFF1245298F76DBA7DA /* ShotList */ = {
			isa = PBXGroup;
			children = (
				04B356202F138DC799FC0814 /* App */,
				766A2501DD7BE01358143CEA /* Camera */,
				608A5CBC162AD162F6F76C6F /* Models */,
				86B8909CF2215853ACD1097D /* Resources */,
				89FB28E15F132833410A390E /* Support */,
				CAF01DEAA7373258466BA0CE /* Views */,
			);
			path = ShotList;
			sourceTree = "<group>";
		};
		766A2501DD7BE01358143CEA /* Camera */ = {
			isa = PBXGroup;
			children = (
				D0D8E14B1B286726D0AE9651 /* CameraPreview.swift */,
				8D9A2BAE74434A56C2619447 /* CameraRecorder.swift */,
				78EE78FB0F9275C2AEE32A03 /* CaptureFraming.swift */,
				DD3C08ED2FE5D57D75950AA1 /* CaptureSettings.swift */,
			);
			path = Camera;
			sourceTree = "<group>";
		};
		7B255C282E5997904C369743 /* Products */ = {
			isa = PBXGroup;
			children = (
				846E9224F0CEEEFD6C04878B /* ShotList.app */,
				3277FC5C7EAAEBCD489F460B /* ShotListTests.xctest */,
				46ADFEA13DB7B18CF4286528 /* ShotListWidget.appex */,
			);
			name = Products;
			sourceTree = "<group>";
		};
		86B8909CF2215853ACD1097D /* Resources */ = {
			isa = PBXGroup;
			children = (
				C8B276D607BED622DE6060EB /* Assets.xcassets */,
			);
			path = Resources;
			sourceTree = "<group>";
		};
		89FB28E15F132833410A390E /* Support */ = {
			isa = PBXGroup;
			children = (
				673119B608C24939B34681E9 /* AppLocale.swift */,
				D490D45A0FFBF3CE09903733 /* DesignSystem.swift */,
				1F62FE93A71CC8A153C903AE /* ExportPackageBuilder.swift */,
				40CA2B28173BD100C6752C4C /* ExportSession.swift */,
				9073D61D5A3DF4BF61FFD7AB /* Haptics.swift */,
				664AE32EEA99C983D3224F47 /* MediaImport.swift */,
				0010E187571A3AB14ECCCC93 /* MediaTranscode.swift */,
				2A6CEE62555559623C57AA50 /* ModalPresentation.swift */,
				A7DDE95354664AA95E498FC7 /* QuickShootLink.swift */,
			);
			path = Support;
			sourceTree = "<group>";
		};
		AC6D263908F0DD6FE8790F11 /* ShotListWidget */ = {
			isa = PBXGroup;
			children = (
				FAFF1E0FABFCCBCFB90238AD /* Assets.xcassets */,
				F34288C7EBC5843E8D8F5ABC /* QuickShootWidget.swift */,
			);
			path = ShotListWidget;
			sourceTree = "<group>";
		};
		CAF01DEAA7373258466BA0CE /* Views */ = {
			isa = PBXGroup;
			children = (
				D15E40E7A78A76875342D24D /* CameraCaptureView.swift */,
				88320AFB37A1C5C3AECCA5D1 /* CameraChrome.swift */,
				FDD7EB1D57BC67C03145BBE4 /* CameraChromePreviewScreen.swift */,
				0D3E74B82A8FF02816BEC0D2 /* CameraSettingsSheet.swift */,
				E9BB8D59E84723F29E8A8760 /* ClipOptionsSheet.swift */,
				A5E3482625A9371AE0EDE25E /* ClipPlayerScreen.swift */,
				D76C58778AA070D969E3B132 /* ClipThumbnailView.swift */,
				6D286A1498B32C3F48581356 /* ExportView.swift */,
				D3C02C575D39BB64815784FF /* FilmBar.swift */,
				FCE42D7F06169D67DA903949 /* FilmStyleView.swift */,
				75A43211C6B25E68DBB7A15F /* FilmTemplateSheet.swift */,
				B5B0AA0E228B531616DA2E46 /* HistoryView.swift */,
				81C9698A509ED42D71FB1527 /* RootTabView.swift */,
				47517FD3AE1E223D6734C6CB /* ShotCardView.swift */,
				62EC7FF482193C60D2209FED /* ShotFlowModifier.swift */,
				F345BA5C98213C00B5D91F71 /* ShotListView.swift */,
			);
			path = Views;
			sourceTree = "<group>";
		};
		E44127DA0CE5D92AF0318E32 = {
			isa = PBXGroup;
			children = (
				74E8CAFF1245298F76DBA7DA /* ShotList */,
				065D10131371659B59AFFECD /* ShotListTests */,
				AC6D263908F0DD6FE8790F11 /* ShotListWidget */,
				7B255C282E5997904C369743 /* Products */,
			);
			sourceTree = "<group>";
		};
/* End PBXGroup section */

/* Begin PBXNativeTarget section */
		6569AF9EF7620AA905F85DC6 /* ShotListWidget */ = {
			isa = PBXNativeTarget;
			buildConfigurationList = EA67D4A3A16A0CA89A1E0B79 /* Build configuration list for PBXNativeTarget "ShotListWidget" */;
			buildPhases = (
				3C61BD1D0B3F3C57CE7503BF /* Sources */,
				3DD8BAF9D2EE499EA723BDD4 /* Resources */,
			);
			buildRules = (
			);
			dependencies = (
			);
			name = ShotListWidget;
			packageProductDependencies = (
			);
			productName = ShotListWidget;
			productReference = 46ADFEA13DB7B18CF4286528 /* ShotListWidget.appex */;
			productType = "com.apple.product-type.app-extension";
		};
		AC237D8054E3B1E2BD53F82F /* ShotListTests */ = {
			isa = PBXNativeTarget;
			buildConfigurationList = B133DAC713A577304AD12ED9 /* Build configuration list for PBXNativeTarget "ShotListTests" */;
			buildPhases = (
				1AE211B02E64690708F7AFBD /* Sources */,
			);
			buildRules = (
			);
			dependencies = (
				AE142E8345F59C25B0A9067A /* PBXTargetDependency */,
			);
			name = ShotListTests;
			packageProductDependencies = (
			);
			productName = ShotListTests;
			productReference = 3277FC5C7EAAEBCD489F460B /* ShotListTests.xctest */;
			productType = "com.apple.product-type.bundle.unit-test";
		};
		E75AD9EEF4C9F3B41F53E0A7 /* ShotList */ = {
			isa = PBXNativeTarget;
			buildConfigurationList = D8DC6F9DB9502BC1A5A7B945 /* Build configuration list for PBXNativeTarget "ShotList" */;
			buildPhases = (
				46B8995224CA629EF8580006 /* Sources */,
				5FD3EE2D5E6E6CE522B03C51 /* Resources */,
				9B7DE2C6FC846B72C872AFA0 /* Embed Foundation Extensions */,
			);
			buildRules = (
			);
			dependencies = (
				5AA85B40BFCC33A7B3B2F643 /* PBXTargetDependency */,
			);
			name = ShotList;
			packageProductDependencies = (
			);
			productName = ShotList;
			productReference = 846E9224F0CEEEFD6C04878B /* ShotList.app */;
			productType = "com.apple.product-type.application";
		};
/* End PBXNativeTarget section */

/* Begin PBXProject section */
		263D3411959987174DF90AA1 /* Project object */ = {
			isa = PBXProject;
			attributes = {
				BuildIndependentTargetsInParallel = YES;
				LastUpgradeCheck = 2660;
				ORGANIZATIONNAME = Max;
				TargetAttributes = {
					6569AF9EF7620AA905F85DC6 = {
						DevelopmentTeam = QNQR296DT7;
						ProvisioningStyle = Automatic;
					};
					E75AD9EEF4C9F3B41F53E0A7 = {
						DevelopmentTeam = QNQR296DT7;
						ProvisioningStyle = Automatic;
					};
				};
			};
			buildConfigurationList = DD9EC5F6368C1286490A8EDB /* Build configuration list for PBXProject "ShotList" */;
			developmentRegion = "zh-Hans";
			hasScannedForEncodings = 0;
			knownRegions = (
				Base,
				"zh-Hans",
			);
			mainGroup = E44127DA0CE5D92AF0318E32;
			minimizedProjectReferenceProxies = 1;
			preferredProjectObjectVersion = 77;
			productRefGroup = 7B255C282E5997904C369743 /* Products */;
			projectDirPath = "";
			projectRoot = "";
			targets = (
				E75AD9EEF4C9F3B41F53E0A7 /* ShotList */,
				AC237D8054E3B1E2BD53F82F /* ShotListTests */,
				6569AF9EF7620AA905F85DC6 /* ShotListWidget */,
			);
		};
/* End PBXProject section */

/* Begin PBXResourcesBuildPhase section */
		3DD8BAF9D2EE499EA723BDD4 /* Resources */ = {
			isa = PBXResourcesBuildPhase;
			buildActionMask = 2147483647;
			files = (
				25C5777B5C0D39F76234786D /* Assets.xcassets in Resources */,
			);
			runOnlyForDeploymentPostprocessing = 0;
		};
		5FD3EE2D5E6E6CE522B03C51 /* Resources */ = {
			isa = PBXResourcesBuildPhase;
			buildActionMask = 2147483647;
			files = (
				3A621D4313CBE02FA2A6F4D7 /* Assets.xcassets in Resources */,
			);
			runOnlyForDeploymentPostprocessing = 0;
		};
/* End PBXResourcesBuildPhase section */

/* Begin PBXSourcesBuildPhase section */
		1AE211B02E64690708F7AFBD /* Sources */ = {
			isa = PBXSourcesBuildPhase;
			buildActionMask = 2147483647;
			files = (
				4F4F6D91B75F0D68F0756098 /* CaptureFramingTests.swift in Sources */,
				23DB3C6EF28DC8AAE618B371 /* CaptureSettingsTests.swift in Sources */,
				CF8417F2D0E93873F686546B /* ExportPackageBuilderTests.swift in Sources */,
				FB503617BA07F1EE62950F7D /* ExportSessionTests.swift in Sources */,
				2982D2BF9B38B42757A8AC71 /* FilmStylePromptTests.swift in Sources */,
				5C4FE1217570B860446DA863 /* MovieImporterTests.swift in Sources */,
				3E1FDC85952F705BF268EB9F /* ShotStoreTests.swift in Sources */,
				FE91F3FFC585F62DBF9B1DEF /* ThumbnailLoaderTests.swift in Sources */,
			);
			runOnlyForDeploymentPostprocessing = 0;
		};
		3C61BD1D0B3F3C57CE7503BF /* Sources */ = {
			isa = PBXSourcesBuildPhase;
			buildActionMask = 2147483647;
			files = (
				256F923050CE78982FA13ADE /* QuickShootLink.swift in Sources */,
				E780991AB7DFCEAC41C3C48A /* QuickShootWidget.swift in Sources */,
			);
			runOnlyForDeploymentPostprocessing = 0;
		};
		46B8995224CA629EF8580006 /* Sources */ = {
			isa = PBXSourcesBuildPhase;
			buildActionMask = 2147483647;
			files = (
				ED3B42E85A145211F4309267 /* AppLocale.swift in Sources */,
				3A7E5F92EA92E0D138355F86 /* CameraCaptureView.swift in Sources */,
				7C2F23CC95455B3E9A77CC88 /* CameraChrome.swift in Sources */,
				DAB4E3BD81AAE03764751D83 /* CameraChromePreviewScreen.swift in Sources */,
				982D00BF96837E1C2C3E6123 /* CameraPreview.swift in Sources */,
				3F35C9C0C7F1A9DC5553BD37 /* CameraRecorder.swift in Sources */,
				A02104D9B0201037AB9ED1F7 /* CameraSettingsSheet.swift in Sources */,
				C591E91143F939B52FFE107E /* CaptureFraming.swift in Sources */,
				897CE56DB6EB353F35AB3949 /* CaptureSettings.swift in Sources */,
				E31D638691D56019F67CE414 /* ClipOptionsSheet.swift in Sources */,
				5E5B618FEC440413A298DFEC /* ClipPlayerScreen.swift in Sources */,
				4D21B8AA463B959342129383 /* ClipThumbnailView.swift in Sources */,
				A5BD6E9D1CF110C013181033 /* DesignSystem.swift in Sources */,
				089A9E455141A9211B6FA663 /* ExportPackageBuilder.swift in Sources */,
				8D96CBDA644ED28662C1407A /* ExportSession.swift in Sources */,
				19FD4059DF2D251403B3CEC3 /* ExportView.swift in Sources */,
				15DCA64B28DA09F74DA9DD98 /* Film.swift in Sources */,
				4301F6A0696596A7C8AAEE45 /* FilmBar.swift in Sources */,
				3EA4CFAE8EBA033D56EBAA80 /* FilmStylePrompt.swift in Sources */,
				104870279348BC681734D7E6 /* FilmStyleView.swift in Sources */,
				6EC0E3FC242020CB1AF08CB4 /* FilmTemplate.swift in Sources */,
				8864F4ECC8D63122264A9DF1 /* FilmTemplateSheet.swift in Sources */,
				1ECA56BC932E2F9FFCE63AB6 /* Haptics.swift in Sources */,
				09C2763C7D09BF8F3BCB4EB9 /* HistoryView.swift in Sources */,
				672DB3A39BC93331A7F51C9F /* MediaImport.swift in Sources */,
				6A41F1B86754D866F2281412 /* MediaTranscode.swift in Sources */,
				4D7AE7F6FEC30ECCA7DC5A32 /* ModalPresentation.swift in Sources */,
				6B246E7A20D5D69C21065974 /* QuickShootLink.swift in Sources */,
				2E5ECD9F0FA3F8FB9CC241AF /* RootTabView.swift in Sources */,
				35A52488473D9CF94F74EA58 /* Shot.swift in Sources */,
				1E64696F72129E94B27A8785 /* ShotCardView.swift in Sources */,
				25FB81A35482AB9F4C15DE35 /* ShotFlowModifier.swift in Sources */,
				014B3B992E49C01DE18A0034 /* ShotListApp.swift in Sources */,
				D2228A85CA00B0A27F2D4673 /* ShotListView.swift in Sources */,
				3D34C6A774AF6336EEE3C49E /* ShotStore.swift in Sources */,
			);
			runOnlyForDeploymentPostprocessing = 0;
		};
/* End PBXSourcesBuildPhase section */

/* Begin PBXTargetDependency section */
		5AA85B40BFCC33A7B3B2F643 /* PBXTargetDependency */ = {
			isa = PBXTargetDependency;
			target = 6569AF9EF7620AA905F85DC6 /* ShotListWidget */;
			targetProxy = BF4F0213DC56FE869701C2AA /* PBXContainerItemProxy */;
		};
		AE142E8345F59C25B0A9067A /* PBXTargetDependency */ = {
			isa = PBXTargetDependency;
			target = E75AD9EEF4C9F3B41F53E0A7 /* ShotList */;
			targetProxy = 5E18267AE4E56AC2C75AB8DB /* PBXContainerItemProxy */;
		};
/* End PBXTargetDependency section */

/* Begin XCBuildConfiguration section */
		2085A9FD6ED417240E2A831A /* Release */ = {
			isa = XCBuildConfiguration;
			buildSettings = {
				ASSETCATALOG_COMPILER_APPICON_NAME = AppIcon;
				ASSETCATALOG_COMPILER_GLOBAL_ACCENT_COLOR_NAME = AccentColor;
				CODE_SIGN_IDENTITY = "iPhone Developer";
				CODE_SIGN_STYLE = Automatic;
				CURRENT_PROJECT_VERSION = 1;
				DEVELOPMENT_TEAM = QNQR296DT7;
				ENABLE_PREVIEWS = YES;
				ENABLE_USER_SCRIPT_SANDBOXING = YES;
				GENERATE_INFOPLIST_FILE = NO;
				INFOPLIST_FILE = ShotList/Info.plist;
				IPHONEOS_DEPLOYMENT_TARGET = 26.0;
				LD_RUNPATH_SEARCH_PATHS = (
					"$(inherited)",
					"@executable_path/Frameworks",
				);
				MARKETING_VERSION = 1.0;
				PRODUCT_BUNDLE_IDENTIFIER = com.max.ShotList;
				PRODUCT_NAME = ShotList;
				SDKROOT = iphoneos;
				SUPPORTED_PLATFORMS = "iphoneos iphonesimulator";
				SUPPORTS_MACCATALYST = NO;
				SUPPORTS_MAC_DESIGNED_FOR_IPHONE_IPAD = NO;
				SUPPORTS_XR_DESIGNED_FOR_IPHONE_IPAD = NO;
				TARGETED_DEVICE_FAMILY = 1;
			};
			name = Release;
		};
		272989059857BE9AA92CE4A7 /* Release */ = {
			isa = XCBuildConfiguration;
			buildSettings = {
				ALWAYS_SEARCH_USER_PATHS = NO;
				CLANG_ANALYZER_NONNULL = YES;
				CLANG_ANALYZER_NUMBER_OBJECT_CONVERSION = YES_AGGRESSIVE;
				CLANG_CXX_LANGUAGE_STANDARD = "gnu++14";
				CLANG_CXX_LIBRARY = "libc++";
				CLANG_ENABLE_MODULES = YES;
				CLANG_ENABLE_OBJC_ARC = YES;
				CLANG_ENABLE_OBJC_WEAK = YES;
				CLANG_WARN_BLOCK_CAPTURE_AUTORELEASING = YES;
				CLANG_WARN_BOOL_CONVERSION = YES;
				CLANG_WARN_COMMA = YES;
				CLANG_WARN_CONSTANT_CONVERSION = YES;
				CLANG_WARN_DEPRECATED_OBJC_IMPLEMENTATIONS = YES;
				CLANG_WARN_DIRECT_OBJC_ISA_USAGE = YES_ERROR;
				CLANG_WARN_DOCUMENTATION_COMMENTS = YES;
				CLANG_WARN_EMPTY_BODY = YES;
				CLANG_WARN_ENUM_CONVERSION = YES;
				CLANG_WARN_INFINITE_RECURSION = YES;
				CLANG_WARN_INT_CONVERSION = YES;
				CLANG_WARN_NON_LITERAL_NULL_CONVERSION = YES;
				CLANG_WARN_OBJC_IMPLICIT_RETAIN_SELF = YES;
				CLANG_WARN_OBJC_LITERAL_CONVERSION = YES;
				CLANG_WARN_OBJC_ROOT_CLASS = YES_ERROR;
				CLANG_WARN_QUOTED_INCLUDE_IN_FRAMEWORK_HEADER = YES;
				CLANG_WARN_RANGE_LOOP_ANALYSIS = YES;
				CLANG_WARN_STRICT_PROTOTYPES = YES;
				CLANG_WARN_SUSPICIOUS_MOVE = YES;
				CLANG_WARN_UNGUARDED_AVAILABILITY = YES_AGGRESSIVE;
				CLANG_WARN_UNREACHABLE_CODE = YES;
				CLANG_WARN__DUPLICATE_METHOD_MATCH = YES;
				COPY_PHASE_STRIP = NO;
				DEBUG_INFORMATION_FORMAT = "dwarf-with-dsym";
				ENABLE_NS_ASSERTIONS = NO;
				ENABLE_STRICT_OBJC_MSGSEND = YES;
				GCC_C_LANGUAGE_STANDARD = gnu11;
				GCC_NO_COMMON_BLOCKS = YES;
				GCC_WARN_64_TO_32_BIT_CONVERSION = YES;
				GCC_WARN_ABOUT_RETURN_TYPE = YES_ERROR;
				GCC_WARN_UNDECLARED_SELECTOR = YES;
				GCC_WARN_UNINITIALIZED_AUTOS = YES_AGGRESSIVE;
				GCC_WARN_UNUSED_FUNCTION = YES;
				GCC_WARN_UNUSED_VARIABLE = YES;
				IPHONEOS_DEPLOYMENT_TARGET = 26.0;
				MTL_ENABLE_DEBUG_INFO = NO;
				MTL_FAST_MATH = YES;
				PRODUCT_NAME = "$(TARGET_NAME)";
				SDKROOT = iphoneos;
				SWIFT_APPROACHABLE_CONCURRENCY = YES;
				SWIFT_COMPILATION_MODE = wholemodule;
				SWIFT_DEFAULT_ACTOR_ISOLATION = MainActor;
				SWIFT_OPTIMIZATION_LEVEL = "-O";
				SWIFT_STRICT_CONCURRENCY = complete;
				SWIFT_VERSION = 6.0;
			};
			name = Release;
		};
		2DE945DAB3B308DDE86ADF4B /* Debug */ = {
			isa = XCBuildConfiguration;
			buildSettings = {
				ALWAYS_SEARCH_USER_PATHS = NO;
				CLANG_ANALYZER_NONNULL = YES;
				CLANG_ANALYZER_NUMBER_OBJECT_CONVERSION = YES_AGGRESSIVE;
				CLANG_CXX_LANGUAGE_STANDARD = "gnu++14";
				CLANG_CXX_LIBRARY = "libc++";
				CLANG_ENABLE_MODULES = YES;
				CLANG_ENABLE_OBJC_ARC = YES;
				CLANG_ENABLE_OBJC_WEAK = YES;
				CLANG_WARN_BLOCK_CAPTURE_AUTORELEASING = YES;
				CLANG_WARN_BOOL_CONVERSION = YES;
				CLANG_WARN_COMMA = YES;
				CLANG_WARN_CONSTANT_CONVERSION = YES;
				CLANG_WARN_DEPRECATED_OBJC_IMPLEMENTATIONS = YES;
				CLANG_WARN_DIRECT_OBJC_ISA_USAGE = YES_ERROR;
				CLANG_WARN_DOCUMENTATION_COMMENTS = YES;
				CLANG_WARN_EMPTY_BODY = YES;
				CLANG_WARN_ENUM_CONVERSION = YES;
				CLANG_WARN_INFINITE_RECURSION = YES;
				CLANG_WARN_INT_CONVERSION = YES;
				CLANG_WARN_NON_LITERAL_NULL_CONVERSION = YES;
				CLANG_WARN_OBJC_IMPLICIT_RETAIN_SELF = YES;
				CLANG_WARN_OBJC_LITERAL_CONVERSION = YES;
				CLANG_WARN_OBJC_ROOT_CLASS = YES_ERROR;
				CLANG_WARN_QUOTED_INCLUDE_IN_FRAMEWORK_HEADER = YES;
				CLANG_WARN_RANGE_LOOP_ANALYSIS = YES;
				CLANG_WARN_STRICT_PROTOTYPES = YES;
				CLANG_WARN_SUSPICIOUS_MOVE = YES;
				CLANG_WARN_UNGUARDED_AVAILABILITY = YES_AGGRESSIVE;
				CLANG_WARN_UNREACHABLE_CODE = YES;
				CLANG_WARN__DUPLICATE_METHOD_MATCH = YES;
				COPY_PHASE_STRIP = NO;
				DEBUG_INFORMATION_FORMAT = dwarf;
				ENABLE_STRICT_OBJC_MSGSEND = YES;
				ENABLE_TESTABILITY = YES;
				GCC_C_LANGUAGE_STANDARD = gnu11;
				GCC_DYNAMIC_NO_PIC = NO;
				GCC_NO_COMMON_BLOCKS = YES;
				GCC_OPTIMIZATION_LEVEL = 0;
				GCC_PREPROCESSOR_DEFINITIONS = (
					"$(inherited)",
					"DEBUG=1",
				);
				GCC_WARN_64_TO_32_BIT_CONVERSION = YES;
				GCC_WARN_ABOUT_RETURN_TYPE = YES_ERROR;
				GCC_WARN_UNDECLARED_SELECTOR = YES;
				GCC_WARN_UNINITIALIZED_AUTOS = YES_AGGRESSIVE;
				GCC_WARN_UNUSED_FUNCTION = YES;
				GCC_WARN_UNUSED_VARIABLE = YES;
				IPHONEOS_DEPLOYMENT_TARGET = 26.0;
				MTL_ENABLE_DEBUG_INFO = INCLUDE_SOURCE;
				MTL_FAST_MATH = YES;
				ONLY_ACTIVE_ARCH = YES;
				PRODUCT_NAME = "$(TARGET_NAME)";
				SDKROOT = iphoneos;
				SWIFT_ACTIVE_COMPILATION_CONDITIONS = DEBUG;
				SWIFT_APPROACHABLE_CONCURRENCY = YES;
				SWIFT_DEFAULT_ACTOR_ISOLATION = MainActor;
				SWIFT_OPTIMIZATION_LEVEL = "-Onone";
				SWIFT_STRICT_CONCURRENCY = complete;
				SWIFT_VERSION = 6.0;
			};
			name = Debug;
		};
		4106904ED27E13A5B6C5796A /* Debug */ = {
			isa = XCBuildConfiguration;
			buildSettings = {
				ASSETCATALOG_COMPILER_APPICON_NAME = AppIcon;
				ASSETCATALOG_COMPILER_GLOBAL_ACCENT_COLOR_NAME = AccentColor;
				CODE_SIGN_IDENTITY = "iPhone Developer";
				CODE_SIGN_STYLE = Automatic;
				CURRENT_PROJECT_VERSION = 1;
				DEVELOPMENT_TEAM = QNQR296DT7;
				ENABLE_PREVIEWS = YES;
				ENABLE_USER_SCRIPT_SANDBOXING = YES;
				GENERATE_INFOPLIST_FILE = NO;
				INFOPLIST_FILE = ShotList/Info.plist;
				IPHONEOS_DEPLOYMENT_TARGET = 26.0;
				LD_RUNPATH_SEARCH_PATHS = (
					"$(inherited)",
					"@executable_path/Frameworks",
				);
				MARKETING_VERSION = 1.0;
				PRODUCT_BUNDLE_IDENTIFIER = com.max.ShotList;
				PRODUCT_NAME = ShotList;
				SDKROOT = iphoneos;
				SUPPORTED_PLATFORMS = "iphoneos iphonesimulator";
				SUPPORTS_MACCATALYST = NO;
				SUPPORTS_MAC_DESIGNED_FOR_IPHONE_IPAD = NO;
				SUPPORTS_XR_DESIGNED_FOR_IPHONE_IPAD = NO;
				TARGETED_DEVICE_FAMILY = 1;
			};
			name = Debug;
		};
		47E739A9FA58D9149A3BE7BC /* Debug */ = {
			isa = XCBuildConfiguration;
			buildSettings = {
				ASSETCATALOG_COMPILER_GLOBAL_ACCENT_COLOR_NAME = AccentColor;
				CODE_SIGN_STYLE = Automatic;
				CURRENT_PROJECT_VERSION = 1;
				DEVELOPMENT_TEAM = QNQR296DT7;
				ENABLE_USER_SCRIPT_SANDBOXING = YES;
				GENERATE_INFOPLIST_FILE = NO;
				INFOPLIST_FILE = ShotListWidget/Info.plist;
				IPHONEOS_DEPLOYMENT_TARGET = 26.0;
				LD_RUNPATH_SEARCH_PATHS = (
					"$(inherited)",
					"@executable_path/Frameworks",
					"@executable_path/../../Frameworks",
				);
				MARKETING_VERSION = 1.0;
				PRODUCT_BUNDLE_IDENTIFIER = com.max.ShotList.Widget;
				PRODUCT_NAME = ShotListWidget;
				SDKROOT = iphoneos;
				SKIP_INSTALL = YES;
				SUPPORTED_PLATFORMS = "iphoneos iphonesimulator";
				SWIFT_DEFAULT_ACTOR_ISOLATION = nonisolated;
				TARGETED_DEVICE_FAMILY = 1;
			};
			name = Debug;
		};
		9574BB4028F8C5840F280985 /* Release */ = {
			isa = XCBuildConfiguration;
			buildSettings = {
				ASSETCATALOG_COMPILER_GLOBAL_ACCENT_COLOR_NAME = AccentColor;
				CODE_SIGN_STYLE = Automatic;
				CURRENT_PROJECT_VERSION = 1;
				DEVELOPMENT_TEAM = QNQR296DT7;
				ENABLE_USER_SCRIPT_SANDBOXING = YES;
				GENERATE_INFOPLIST_FILE = NO;
				INFOPLIST_FILE = ShotListWidget/Info.plist;
				IPHONEOS_DEPLOYMENT_TARGET = 26.0;
				LD_RUNPATH_SEARCH_PATHS = (
					"$(inherited)",
					"@executable_path/Frameworks",
					"@executable_path/../../Frameworks",
				);
				MARKETING_VERSION = 1.0;
				PRODUCT_BUNDLE_IDENTIFIER = com.max.ShotList.Widget;
				PRODUCT_NAME = ShotListWidget;
				SDKROOT = iphoneos;
				SKIP_INSTALL = YES;
				SUPPORTED_PLATFORMS = "iphoneos iphonesimulator";
				SWIFT_DEFAULT_ACTOR_ISOLATION = nonisolated;
				TARGETED_DEVICE_FAMILY = 1;
			};
			name = Release;
		};
		A4C942FAD9692F89459A6C55 /* Release */ = {
			isa = XCBuildConfiguration;
			buildSettings = {
				BUNDLE_LOADER = "$(TEST_HOST)";
				CODE_SIGNING_ALLOWED = NO;
				GENERATE_INFOPLIST_FILE = YES;
				LD_RUNPATH_SEARCH_PATHS = (
					"$(inherited)",
					"@executable_path/Frameworks",
					"@loader_path/Frameworks",
				);
				PRODUCT_BUNDLE_IDENTIFIER = com.max.ShotListTests;
				SDKROOT = iphoneos;
				SWIFT_DEFAULT_ACTOR_ISOLATION = nonisolated;
				TARGETED_DEVICE_FAMILY = "1,2";
				TEST_HOST = "$(BUILT_PRODUCTS_DIR)/ShotList.app/ShotList";
			};
			name = Release;
		};
		E52895CED00226E35AFB55B0 /* Debug */ = {
			isa = XCBuildConfiguration;
			buildSettings = {
				BUNDLE_LOADER = "$(TEST_HOST)";
				CODE_SIGNING_ALLOWED = NO;
				GENERATE_INFOPLIST_FILE = YES;
				LD_RUNPATH_SEARCH_PATHS = (
					"$(inherited)",
					"@executable_path/Frameworks",
					"@loader_path/Frameworks",
				);
				PRODUCT_BUNDLE_IDENTIFIER = com.max.ShotListTests;
				SDKROOT = iphoneos;
				SWIFT_DEFAULT_ACTOR_ISOLATION = nonisolated;
				TARGETED_DEVICE_FAMILY = "1,2";
				TEST_HOST = "$(BUILT_PRODUCTS_DIR)/ShotList.app/ShotList";
			};
			name = Debug;
		};
/* End XCBuildConfiguration section */

/* Begin XCConfigurationList section */
		B133DAC713A577304AD12ED9 /* Build configuration list for PBXNativeTarget "ShotListTests" */ = {
			isa = XCConfigurationList;
			buildConfigurations = (
				E52895CED00226E35AFB55B0 /* Debug */,
				A4C942FAD9692F89459A6C55 /* Release */,
			);
			defaultConfigurationIsVisible = 0;
			defaultConfigurationName = Debug;
		};
		D8DC6F9DB9502BC1A5A7B945 /* Build configuration list for PBXNativeTarget "ShotList" */ = {
			isa = XCConfigurationList;
			buildConfigurations = (
				4106904ED27E13A5B6C5796A /* Debug */,
				2085A9FD6ED417240E2A831A /* Release */,
			);
			defaultConfigurationIsVisible = 0;
			defaultConfigurationName = Debug;
		};
		DD9EC5F6368C1286490A8EDB /* Build configuration list for PBXProject "ShotList" */ = {
			isa = XCConfigurationList;
			buildConfigurations = (
				2DE945DAB3B308DDE86ADF4B /* Debug */,
				272989059857BE9AA92CE4A7 /* Release */,
			);
			defaultConfigurationIsVisible = 0;
			defaultConfigurationName = Debug;
		};
		EA67D4A3A16A0CA89A1E0B79 /* Build configuration list for PBXNativeTarget "ShotListWidget" */ = {
			isa = XCConfigurationList;
			buildConfigurations = (
				47E739A9FA58D9149A3BE7BC /* Debug */,
				9574BB4028F8C5840F280985 /* Release */,
			);
			defaultConfigurationIsVisible = 0;
			defaultConfigurationName = Debug;
		};
/* End XCConfigurationList section */
	};
	rootObject = 263D3411959987174DF90AA1 /* Project object */;
}
